github.com/Richie-Yang/dog v0.0.0-20250802142304-0ad1148886e3 h1:TyEmOk2gGeRGx68BmGRklnKKWxdgjMlUAUR0TsvjF+M=
github.com/Richie-Yang/dog v0.0.0-20250802142304-0ad1148886e3/go.mod h1:/ALzEjPwgdpCmQWCcOLyQzv4AG/wmPVO3Kbncr+i0ZU=
github.com/Richie-Yang/dog v0.0.0-20250802143635-7171bffd9889 h1:zMQKvs7DF1VTCQ37s6eUbdbkAONhNlm64ulRSonohOI=
github.com/Richie-Yang/dog v0.0.0-20250802143635-7171bffd9889/go.mod h1:/ALzEjPwgdpCmQWCcOLyQzv4AG/wmPVO3Kbncr+i0ZU=
